// !$*UTF8*$!
{
	archiveVersion = 1;
	classes = {
	};
	objectVersion = 55;
	objects = {

/* Begin PBXBuildFile section */
		C4921ED728DA639E0069D225 /* AppDelegate.swift in Sources */ = {isa = PBXBuildFile; fileRef = C4921ED628DA639E0069D225 /* AppDelegate.swift */; };
		C4921ED928DA639E0069D225 /* SceneDelegate.swift in Sources */ = {isa = PBXBuildFile; fileRef = C4921ED828DA639E0069D225 /* SceneDelegate.swift */; };
		C4921EDE28DA639E0069D225 /* Main.storyboard in Resources */ = {isa = PBXBuildFile; fileRef = C4921EDC28DA639E0069D225 /* Main.storyboard */; };
		C4921EE028DA639F0069D225 /* Assets.xcassets in Resources */ = {isa = PBXBuildFile; fileRef = C4921EDF28DA639F0069D225 /* Assets.xcassets */; };
		C4921EE328DA639F0069D225 /* LaunchScreen.storyboard in Resources */ = {isa = PBXBuildFile; fileRef = C4921EE128DA639F0069D225 /* LaunchScreen.storyboard */; };
		C4921EEE28DA639F0069D225 /* fatorialTests.swift in Sources */ = {isa = PBXBuildFile; fileRef = C4921EED28DA639F0069D225 /* fatorialTests.swift */; };
		C4921EF828DA639F0069D225 /* fatorialUITests.swift in Sources */ = {isa = PBXBuildFile; fileRef = C4921EF728DA639F0069D225 /* fatorialUITests.swift */; };
		C4921EFA28DA639F0069D225 /* fatorialUITestsLaunchTests.swift in Sources */ = {isa = PBXBuildFile; fileRef = C4921EF928DA639F0069D225 /* fatorialUITestsLaunchTests.swift */; };
		C4921F0728DA6BF50069D225 /* fatorial view.swift in Sources */ = {isa = PBXBuildFile; fileRef = C4921F0628DA6BF50069D225 /* fatorial view.swift */; };
		C4921F0928DA6C160069D225 /* macacoViewController.swift in Sources */ = {isa = PBXBuildFile; fileRef = C4921F0828DA6C160069D225 /* macacoViewController.swift */; };
/* End PBXBuildFile section */

/* Begin PBXContainerItemProxy section */
		C4921EEA28DA639F0069D225 /* PBXContainerItemProxy */ = {
			isa = PBXContainerItemProxy;
			containerPortal = C4921ECB28DA639E0069D225 /* Project object */;
			proxyType = 1;
			remoteGlobalIDString = C4921ED228DA639E0069D225;
			remoteInfo = fatorial;
		};
		C4921EF428DA639F0069D225 /* PBXContainerItemProxy */ = {
			isa = PBXContainerItemProxy;
			containerPortal = C4921ECB28DA639E0069D225 /* Project object */;
			proxyType = 1;
			remoteGlobalIDString = C4921ED228DA639E0069D225;
			remoteInfo = fatorial;
		};
/* End PBXContainerItemProxy section */

/* Begin PBXFileReference section */
		C4921ED328DA639E0069D225 /* fatorial.app */ = {isa = PBXFileReference; explicitFileType = wrapper.application; includeInIndex = 0; path = fatorial.app; sourceTree = BUILT_PRODUCTS_DIR; };
		C4921ED628DA639E0069D225 /* AppDelegate.swift */ = {isa = PBXFileReference; lastKnownFileType = sourcecode.swift; path = AppDelegate.swift; sourceTree = "<group>"; };
		C4921ED828DA639E0069D225 /* SceneDelegate.swift */ = {isa = PBXFileReference; lastKnownFileType = sourcecode.swift; path = SceneDelegate.swift; sourceTree = "<group>"; };
		C4921EDD28DA639E0069D225 /* Base */ = {isa = PBXFileReference; lastKnownFileType = file.storyboard; name = Base; path = Base.lproj/Main.storyboard; sourceTree = "<group>"; };
		C4921EDF28DA639F0069D225 /* Assets.xcassets */ = {isa = PBXFileReference; lastKnownFileType = folder.assetcatalog; path = Assets.xcassets; sourceTree = "<group>"; };
		C4921EE228DA639F0069D225 /* Base */ = {isa = PBXFileReference; lastKnownFileType = file.storyboard; name = Base; path = Base.lproj/LaunchScreen.storyboard; sourceTree = "<group>"; };
		C4921EE428DA639F0069D225 /* Info.plist */ = {isa = PBXFileReference; lastKnownFileType = text.plist.xml; path = Info.plist; sourceTree = "<group>"; };
		C4921EE928DA639F0069D225 /* fatorialTests.xctest */ = {isa = PBXFileReference; explicitFileType = wrapper.cfbundle; includeInIndex = 0; path = fatorialTests.xctest; sourceTree = BUILT_PRODUCTS_DIR; };
		C4921EED28DA639F0069D225 /* fatorialTests.swift */ = {isa = PBXFileReference; lastKnownFileType = sourcecode.swift; path = fatorialTests.swift; sourceTree = "<group>"; };
		C4921EF328DA639F0069D225 /* fatorialUITests.xctest */ = {isa = PBXFileReference; explicitFileType = wrapper.cfbundle; includeInIndex = 0; path = fatorialUITests.xctest; sourceTree = BUILT_PRODUCTS_DIR; };
		C4921EF728DA639F0069D225 /* fatorialUITests.swift */ = {isa = PBXFileReference; lastKnownFileType = sourcecode.swift; path = fatorialUITests.swift; sourceTree = "<group>"; };
		C4921EF928DA639F0069D225 /* fatorialUITestsLaunchTests.swift */ = {isa = PBXFileReference; lastKnownFileType = sourcecode.swift; path = fatorialUITestsLaunchTests.swift; sourceTree = "<group>"; };
		C4921F0628DA6BF50069D225 /* fatorial view.swift */ = {isa = PBXFileReference; lastKnownFileType = sourcecode.swift; path = "fatorial view.swift"; sourceTree = "<group>"; };
		C4921F0828DA6C160069D225 /* macacoViewController.swift */ = {isa = PBXFileReference; lastKnownFileType = sourcecode.swift; path = macacoViewController.swift; sourceTree = "<group>"; };
/* End PBXFileReference section */

/* Begin PBXFrameworksBuildPhase section */
		C4921ED028DA639E0069D225 /* Frameworks */ = {
			isa = PBXFrameworksBuildPhase;
			buildActionMask = 2147483647;
			files = (
			);
			runOnlyForDeploymentPostprocessing = 0;
		};
		C4921EE628DA639F0069D225 /* Frameworks */ = {
			isa = PBXFrameworksBuildPhase;
			buildActionMask = 2147483647;
			files = (
			);
			runOnlyForDeploymentPostprocessing = 0;
		};
		C4921EF028DA639F0069D225 /* Frameworks */ = {
			isa = PBXFrameworksBuildPhase;
			buildActionMask = 2147483647;
			files = (
			);
			runOnlyForDeploymentPostprocessing = 0;
		};
/* End PBXFrameworksBuildPhase section */

/* Begin PBXGroup section */
		C4921ECA28DA639E0069D225 = {
			isa = PBXGroup;
			children = (
				C4921ED528DA639E0069D225 /* fatorial */,
				C4921EEC28DA639F0069D225 /* fatorialTests */,
				C4921EF628DA639F0069D225 /* fatorialUITests */,
				C4921ED428DA639E0069D225 /* Products */,
			);
			sourceTree = "<group>";
		};
		C4921ED428DA639E0069D225 /* Products */ = {
			isa = PBXGroup;
			children = (
				C4921ED328DA639E0069D225 /* fatorial.app */,
				C4921EE928DA639F0069D225 /* fatorialTests.xctest */,
				C4921EF328DA639F0069D225 /* fatorialUITests.xctest */,
			);
			name = Products;
			sourceTree = "<group>";
		};
		C4921ED528DA639E0069D225 /* fatorial */ = {
			isa = PBXGroup;
			children = (
				C4921ED628DA639E0069D225 /* AppDelegate.swift */,
				C4921ED828DA639E0069D225 /* SceneDelegate.swift */,
				C4921EDC28DA639E0069D225 /* Main.storyboard */,
				C4921EDF28DA639F0069D225 /* Assets.xcassets */,
				C4921EE128DA639F0069D225 /* LaunchScreen.storyboard */,
				C4921EE428DA639F0069D225 /* Info.plist */,
				C4921F0628DA6BF50069D225 /* fatorial view.swift */,
				C4921F0828DA6C160069D225 /* macacoViewController.swift */,
			);
			path = fatorial;
			sourceTree = "<group>";
		};
		C4921EEC28DA639F0069D225 /* fatorialTests */ = {
			isa = PBXGroup;
			children = (
				C4921EED28DA639F0069D225 /* fatorialTests.swift */,
			);
			path = fatorialTests;
			sourceTree = "<group>";
		};
		C4921EF628DA639F0069D225 /* fatorialUITests */ = {
			isa = PBXGroup;
			children = (
				C4921EF728DA639F0069D225 /* fatorialUITests.swift */,
				C4921EF928DA639F0069D225 /* fatorialUITestsLaunchTests.swift */,
			);
			path = fatorialUITests;
			sourceTree = "<group>";
		};
/* End PBXGroup section */

/* Begin PBXNativeTarget section */
		C4921ED228DA639E0069D225 /* fatorial */ = {
			isa = PBXNativeTarget;
			buildConfigurationList = C4921EFD28DA639F0069D225 /* Build configuration list for PBXNativeTarget "fatorial" */;
			buildPhases = (
				C4921ECF28DA639E0069D225 /* Sources */,
				C4921ED028DA639E0069D225 /* Frameworks */,
				C4921ED128DA639E0069D225 /* Resources */,
			);
			buildRules = (
			);
			dependencies = (
			);
			name = fatorial;
			productName = fatorial;
			productReference = C4921ED328DA639E0069D225 /* fatorial.app */;
			productType = "com.apple.product-type.application";
		};
		C4921EE828DA639F0069D225 /* fatorialTests */ = {
			isa = PBXNativeTarget;
			buildConfigurationList = C4921F0028DA639F0069D225 /* Build configuration list for PBXNativeTarget "fatorialTests" */;
			buildPhases = (
				C4921EE528DA639F0069D225 /* Sources */,
				C4921EE628DA639F0069D225 /* Frameworks */,
				C4921EE728DA639F0069D225 /* Resources */,
			);
			buildRules = (
			);
			dependencies = (
				C4921EEB28DA639F0069D225 /* PBXTargetDependency */,
			);
			name = fatorialTests;
			productName = fatorialTests;
			productReference = C4921EE928DA639F0069D225 /* fatorialTests.xctest */;
			productType = "com.apple.product-type.bundle.unit-test";
		};
		C4921EF228DA639F0069D225 /* fatorialUITests */ = {
			isa = PBXNativeTarget;
			buildConfigurationList = C4921F0328DA639F0069D225 /* Build configuration list for PBXNativeTarget "fatorialUITests" */;
			buildPhases = (
				C4921EEF28DA639F0069D225 /* Sources */,
				C4921EF028DA639F0069D225 /* Frameworks */,
				C4921EF128DA639F0069D225 /* Resources */,
			);
			buildRules = (
			);
			dependencies = (
				C4921EF528DA639F0069D225 /* PBXTargetDependency */,
			);
			name = fatorialUITests;
			productName = fatorialUITests;
			productReference = C4921EF328DA639F0069D225 /* fatorialUITests.xctest */;
			productType = "com.apple.product-type.bundle.ui-testing";
		};
/* End PBXNativeTarget section */

/* Begin PBXProject section */
		C4921ECB28DA639E0069D225 /* Project object */ = {
			isa = PBXProject;
			attributes = {
				BuildIndependentTargetsInParallel = 1;
				LastSwiftUpdateCheck = 1340;
				LastUpgradeCheck = 1340;
				TargetAttributes = {
					C4921ED228DA639E0069D225 = {
						CreatedOnToolsVersion = 13.4.1;
					};
					C4921EE828DA639F0069D225 = {
						CreatedOnToolsVersion = 13.4.1;
						TestTargetID = C4921ED228DA639E0069D225;
					};
					C4921EF228DA639F0069D225 = {
						CreatedOnToolsVersion = 13.4.1;
						TestTargetID = C4921ED228DA639E0069D225;
					};
				};
			};
			buildConfigurationList = C4921ECE28DA639E0069D225 /* Build configuration list for PBXProject "fatorial" */;
			compatibilityVersion = "Xcode 13.0";
			developmentRegion = en;
			hasScannedForEncodings = 0;
			knownRegions = (
				en,
				Base,
			);
			mainGroup = C4921ECA28DA639E0069D225;
			productRefGroup = C4921ED428DA639E0069D225 /* Products */;
			projectDirPath = "";
			projectRoot = "";
			targets = (
				C4921ED228DA639E0069D225 /* fatorial */,
				C4921EE828DA639F0069D225 /* fatorialTests */,
				C4921EF228DA639F0069D225 /* fatorialUITests */,
			);
		};
/* End PBXProject section */

/* Begin PBXResourcesBuildPhase section */
		C4921ED128DA639E0069D225 /* Resources */ = {
			isa = PBXResourcesBuildPhase;
			buildActionMask = 2147483647;
			files = (
				C4921EE328DA639F0069D225 /* LaunchScreen.storyboard in Resources */,
				C4921EE028DA639F0069D225 /* Assets.xcassets in Resources */,
				C4921EDE28DA639E0069D225 /* Main.storyboard in Resources */,
			);
			runOnlyForDeploymentPostprocessing = 0;
		};
		C4921EE728DA639F0069D225 /* Resources */ = {
			isa = PBXResourcesBuildPhase;
			buildActionMask = 2147483647;
			files = (
			);
			runOnlyForDeploymentPostprocessing = 0;
		};
		C4921EF128DA639F0069D225 /* Resources */ = {
			isa = PBXResourcesBuildPhase;
			buildActionMask = 2147483647;
			files = (
			);
			runOnlyForDeploymentPostprocessing = 0;
		};
/* End PBXResourcesBuildPhase section */

/* Begin PBXSourcesBuildPhase section */
		C4921ECF28DA639E0069D225 /* Sources */ = {
			isa = PBXSourcesBuildPhase;
			buildActionMask = 2147483647;
			files = (
				C4921F0928DA6C160069D225 /* macacoViewController.swift in Sources */,
				C4921ED728DA639E0069D225 /* AppDelegate.swift in Sources */,
				C4921F0728DA6BF50069D225 /* fatorial view.swift in Sources */,
				C4921ED928DA639E0069D225 /* SceneDelegate.swift in Sources */,
			);
			runOnlyForDeploymentPostprocessing = 0;
		};
		C4921EE528DA639F0069D225 /* Sources */ = {
			isa = PBXSourcesBuildPhase;
			buildActionMask = 2147483647;
			files = (
				C4921EEE28DA639F0069D225 /* fatorialTests.swift in Sources */,
			);
			runOnlyForDeploymentPostprocessing = 0;
		};
		C4921EEF28DA639F0069D225 /* Sources */ = {
			isa = PBXSourcesBuildPhase;
			buildActionMask = 2147483647;
			files = (
				C4921EFA28DA639F0069D225 /* fatorialUITestsLaunchTests.swift in Sources */,
				C4921EF828DA639F0069D225 /* fatorialUITests.swift in Sources */,
			);
			runOnlyForDeploymentPostprocessing = 0;
		};
/* End PBXSourcesBuildPhase section */

/* Begin PBXTargetDependency section */
		C4921EEB28DA639F0069D225 /* PBXTargetDependency */ = {
			isa = PBXTargetDependency;
			target = C4921ED228DA639E0069D225 /* fatorial */;
			targetProxy = C4921EEA28DA639F0069D225 /* PBXContainerItemProxy */;
		};
		C4921EF528DA639F0069D225 /* PBXTargetDependency */ = {
			isa = PBXTargetDependency;
			target = C4921ED228DA639E0069D225 /* fatorial */;
			targetProxy = C4921EF428DA639F0069D225 /* PBXContainerItemProxy */;
		};
/* End PBXTargetDependency section */

/* Begin PBXVariantGroup section */
		C4921EDC28DA639E0069D225 /* Main.storyboard */ = {
			isa = PBXVariantGroup;
			children = (
				C4921EDD28DA639E0069D225 /* Base */,
			);
			name = Main.storyboard;
			sourceTree = "<group>";
		};
		C4921EE128DA639F0069D225 /* LaunchScreen.storyboard */ = {
			isa = PBXVariantGroup;
			children = (
				C4921EE228DA639F0069D225 /* Base */,
			);
			name = LaunchScreen.storyboard;
			sourceTree = "<group>";
		};
/* End PBXVariantGroup section */

/* Begin XCBuildConfiguration section */
		C4921EFB28DA639F0069D225 /* Debug */ = {
			isa = XCBuildConfiguration;
			buildSettings = {
				ALWAYS_SEARCH_USER_PATHS = NO;
				CLANG_ANALYZER_NONNULL = YES;
				CLANG_ANALYZER_NUMBER_OBJECT_CONVERSION = YES_AGGRESSIVE;
				CLANG_CXX_LANGUAGE_STANDARD = "gnu++17";
				CLANG_ENABLE_MODULES = YES;
				CLANG_ENABLE_OBJC_ARC = YES;
				CLANG_ENABLE_OBJC_WEAK = YES;
				CLANG_WARN_BLOCK_CAPTURE_AUTORELEASING = YES;
				CLANG_WARN_BOOL_CONVERSION = YES;
				CLANG_WARN_COMMA = YES;
				CLANG_WARN_CONSTANT_CONVERSION = YES;
				CLANG_WARN_DEPRECATED_OBJC_IMPLEMENTATIONS = YES;
				CLANG_WARN_DIRECT_OBJC_ISA_USAGE = YES_ERROR;
				CLANG_WARN_DOCUMENTATION_COMMENTS = YES;
				CLANG_WARN_EMPTY_BODY = YES;
				CLANG_WARN_ENUM_CONVERSION = YES;
				CLANG_WARN_INFINITE_RECURSION = YES;
				CLANG_WARN_INT_CONVERSION = YES;
				CLANG_WARN_NON_LITERAL_NULL_CONVERSION = YES;
				CLANG_WARN_OBJC_IMPLICIT_RETAIN_SELF = YES;
				CLANG_WARN_OBJC_LITERAL_CONVERSION = YES;
				CLANG_WARN_OBJC_ROOT_CLASS = YES_ERROR;
				CLANG_WARN_QUOTED_INCLUDE_IN_FRAMEWORK_HEADER = YES;
				CLANG_WARN_RANGE_LOOP_ANALYSIS = YES;
				CLANG_WARN_STRICT_PROTOTYPES = YES;
				CLANG_WARN_SUSPICIOUS_MOVE = YES;
				CLANG_WARN_UNGUARDED_AVAILABILITY = YES_AGGRESSIVE;
				CLANG_WARN_UNREACHABLE_CODE = YES;
				CLANG_WARN__DUPLICATE_METHOD_MATCH = YES;
				COPY_PHASE_STRIP = NO;
				DEBUG_INFORMATION_FORMAT = dwarf;
				ENABLE_STRICT_OBJC_MSGSEND = YES;
				ENABLE_TESTABILITY = YES;
				GCC_C_LANGUAGE_STANDARD = gnu11;
				GCC_DYNAMIC_NO_PIC = NO;
				GCC_NO_COMMON_BLOCKS = YES;
				GCC_OPTIMIZATION_LEVEL = 0;
				GCC_PREPROCESSOR_DEFINITIONS = (
					"DEBUG=1",
					"$(inherited)",
				);
				GCC_WARN_64_TO_32_BIT_CONVERSION = YES;
				GCC_WARN_ABOUT_RETURN_TYPE = YES_ERROR;
				GCC_WARN_UNDECLARED_SELECTOR = YES;
				GCC_WARN_UNINITIALIZED_AUTOS = YES_AGGRESSIVE;
				GCC_WARN_UNUSED_FUNCTION = YES;
				GCC_WARN_UNUSED_VARIABLE = YES;
				IPHONEOS_DEPLOYMENT_TARGET = 15.5;
				MTL_ENABLE_DEBUG_INFO = INCLUDE_SOURCE;
				MTL_FAST_MATH = YES;
				ONLY_ACTIVE_ARCH = YES;
				SDKROOT = iphoneos;
				SWIFT_ACTIVE_COMPILATION_CONDITIONS = DEBUG;
				SWIFT_OPTIMIZATION_LEVEL = "-Onone";
			};
			name = Debug;
		};
		C4921EFC28DA639F0069D225 /* Release */ = {
			isa = XCBuildConfiguration;
			buildSettings = {
				ALWAYS_SEARCH_USER_PATHS = NO;
				CLANG_ANALYZER_NONNULL = YES;
				CLANG_ANALYZER_NUMBER_OBJECT_CONVERSION = YES_AGGRESSIVE;
				CLANG_CXX_LANGUAGE_STANDARD = "gnu++17";
				CLANG_ENABLE_MODULES = YES;
				CLANG_ENABLE_OBJC_ARC = YES;
				CLANG_ENABLE_OBJC_WEAK = YES;
				CLANG_WARN_BLOCK_CAPTURE_AUTORELEASING = YES;
				CLANG_WARN_BOOL_CONVERSION = YES;
				CLANG_WARN_COMMA = YES;
				CLANG_WARN_CONSTANT_CONVERSION = YES;
				CLANG_WARN_DEPRECATED_OBJC_IMPLEMENTATIONS = YES;
				CLANG_WARN_DIRECT_OBJC_ISA_USAGE = YES_ERROR;
				CLANG_WARN_DOCUMENTATION_COMMENTS = YES;
				CLANG_WARN_EMPTY_BODY = YES;
				CLANG_WARN_ENUM_CONVERSION = YES;
				CLANG_WARN_INFINITE_RECURSION = YES;
				CLANG_WARN_INT_CONVERSION = YES;
				CLANG_WARN_NON_LITERAL_NULL_CONVERSION = YES;
				CLANG_WARN_OBJC_IMPLICIT_RETAIN_SELF = YES;
				CLANG_WARN_OBJC_LITERAL_CONVERSION = YES;
				CLANG_WARN_OBJC_ROOT_CLASS = YES_ERROR;
				CLANG_WARN_QUOTED_INCLUDE_IN_FRAMEWORK_HEADER = YES;
				CLANG_WARN_RANGE_LOOP_ANALYSIS = YES;
				CLANG_WARN_STRICT_PROTOTYPES = YES;
				CLANG_WARN_SUSPICIOUS_MOVE = YES;
				CLANG_WARN_UNGUARDED_AVAILABILITY = YES_AGGRESSIVE;
				CLANG_WARN_UNREACHABLE_CODE = YES;
				CLANG_WARN__DUPLICATE_METHOD_MATCH = YES;
				COPY_PHASE_STRIP = NO;
				DEBUG_INFORMATION_FORMAT = "dwarf-with-dsym";
				ENABLE_NS_ASSERTIONS = NO;
				ENABLE_STRICT_OBJC_MSGSEND = YES;
				GCC_C_LANGUAGE_STANDARD = gnu11;
				GCC_NO_COMMON_BLOCKS = YES;
				GCC_WARN_64_TO_32_BIT_CONVERSION = YES;
				GCC_WARN_ABOUT_RETURN_TYPE = YES_ERROR;
				GCC_WARN_UNDECLARED_SELECTOR = YES;
				GCC_WARN_UNINITIALIZED_AUTOS = YES_AGGRESSIVE;
				GCC_WARN_UNUSED_FUNCTION = YES;
				GCC_WARN_UNUSED_VARIABLE = YES;
				IPHONEOS_DEPLOYMENT_TARGET = 15.5;
				MTL_ENABLE_DEBUG_INFO = NO;
				MTL_FAST_MATH = YES;
				SDKROOT = iphoneos;
				SWIFT_COMPILATION_MODE = wholemodule;
				SWIFT_OPTIMIZATION_LEVEL = "-O";
				VALIDATE_PRODUCT = YES;
			};
			name = Release;
		};
		C4921EFE28DA639F0069D225 /* Debug */ = {
			isa = XCBuildConfiguration;
			buildSettings = {
				ASSETCATALOG_COMPILER_APPICON_NAME = AppIcon;
				ASSETCATALOG_COMPILER_GLOBAL_ACCENT_COLOR_NAME = AccentColor;
				CODE_SIGN_STYLE = Automatic;
				CURRENT_PROJECT_VERSION = 1;
				GENERATE_INFOPLIST_FILE = YES;
				INFOPLIST_FILE = fatorial/Info.plist;
				INFOPLIST_KEY_CFBundleDisplayName = fatorial;
				INFOPLIST_KEY_UIApplicationSupportsIndirectInputEvents = YES;
				INFOPLIST_KEY_UILaunchStoryboardName = LaunchScreen;
				INFOPLIST_KEY_UIMainStoryboardFile = Main;
				INFOPLIST_KEY_UISupportedInterfaceOrientations_iPad = "UIInterfaceOrientationPortrait UIInterfaceOrientationPortraitUpsideDown UIInterfaceOrientationLandscapeLeft UIInterfaceOrientationLandscapeRight";
				INFOPLIST_KEY_UISupportedInterfaceOrientations_iPhone = "UIInterfaceOrientationPortrait UIInterfaceOrientationLandscapeLeft UIInterfaceOrientationLandscapeRight";
				LD_RUNPATH_SEARCH_PATHS = (
					"$(inherited)",
					"@executable_path/Frameworks",
				);
				MARKETING_VERSION = 1.0;
				PRODUCT_BUNDLE_IDENTIFIER = "com.adriano-paola.fatorial";
				PRODUCT_NAME = "$(TARGET_NAME)";
				SWIFT_EMIT_LOC_STRINGS = YES;
				SWIFT_VERSION = 5.0;
				TARGETED_DEVICE_FAMILY = "1,2";
			};
			name = Debug;
		};
		C4921EFF28DA639F0069D225 /* Release */ = {
			isa = XCBuildConfiguration;
			buildSettings = {
				ASSETCATALOG_COMPILER_APPICON_NAME = AppIcon;
				ASSETCATALOG_COMPILER_GLOBAL_ACCENT_COLOR_NAME = AccentColor;
				CODE_SIGN_STYLE = Automatic;
				CURRENT_PROJECT_VERSION = 1;
				GENERATE_INFOPLIST_FILE = YES;
				INFOPLIST_FILE = fatorial/Info.plist;
				INFOPLIST_KEY_CFBundleDisplayName = fatorial;
				INFOPLIST_KEY_UIApplicationSupportsIndirectInputEvents = YES;
				INFOPLIST_KEY_UILaunchStoryboardName = LaunchScreen;
				INFOPLIST_KEY_UIMainStoryboardFile = Main;
				INFOPLIST_KEY_UISupportedInterfaceOrientations_iPad = "UIInterfaceOrientationPortrait UIInterfaceOrientationPortraitUpsideDown UIInterfaceOrientationLandscapeLeft UIInterfaceOrientationLandscapeRight";
				INFOPLIST_KEY_UISupportedInterfaceOrientations_iPhone = "UIInterfaceOrientationPortrait UIInterfaceOrientationLandscapeLeft UIInterfaceOrientationLandscapeRight";
				LD_RUNPATH_SEARCH_PATHS = (
					"$(inherited)",
					"@executable_path/Frameworks",
				);
				MARKETING_VERSION = 1.0;
				PRODUCT_BUNDLE_IDENTIFIER = "com.adriano-paola.fatorial";
				PRODUCT_NAME = "$(TARGET_NAME)";
				SWIFT_EMIT_LOC_STRINGS = YES;
				SWIFT_VERSION = 5.0;
				TARGETED_DEVICE_FAMILY = "1,2";
			};
			name = Release;
		};
		C4921F0128DA639F0069D225 /* Debug */ = {
			isa = XCBuildConfiguration;
			buildSettings = {
				ALWAYS_EMBED_SWIFT_STANDARD_LIBRARIES = YES;
				BUNDLE_LOADER = "$(TEST_HOST)";
				CODE_SIGN_STYLE = Automatic;
				CURRENT_PROJECT_VERSION = 1;
				GENERATE_INFOPLIST_FILE = YES;
				IPHONEOS_DEPLOYMENT_TARGET = 15.5;
				MARKETING_VERSION = 1.0;
				PRODUCT_BUNDLE_IDENTIFIER = "com.adriano-paola.fatorialTests";
				PRODUCT_NAME = "$(TARGET_NAME)";
				SWIFT_EMIT_LOC_STRINGS = NO;
				SWIFT_VERSION = 5.0;
				TARGETED_DEVICE_FAMILY = "1,2";
				TEST_HOST = "$(BUILT_PRODUCTS_DIR)/fatorial.app/fatorial";
			};
			name = Debug;
		};
		C4921F0228DA639F0069D225 /* Release */ = {
			isa = XCBuildConfiguration;
			buildSettings = {
				ALWAYS_EMBED_SWIFT_STANDARD_LIBRARIES = YES;
				BUNDLE_LOADER = "$(TEST_HOST)";
				CODE_SIGN_STYLE = Automatic;
				CURRENT_PROJECT_VERSION = 1;
				GENERATE_INFOPLIST_FILE = YES;
				IPHONEOS_DEPLOYMENT_TARGET = 15.5;
				MARKETING_VERSION = 1.0;
				PRODUCT_BUNDLE_IDENTIFIER = "com.adriano-paola.fatorialTests";
				PRODUCT_NAME = "$(TARGET_NAME)";
				SWIFT_EMIT_LOC_STRINGS = NO;
				SWIFT_VERSION = 5.0;
				TARGETED_DEVICE_FAMILY = "1,2";
				TEST_HOST = "$(BUILT_PRODUCTS_DIR)/fatorial.app/fatorial";
			};
			name = Release;
		};
		C4921F0428DA639F0069D225 /* Debug */ = {
			isa = XCBuildConfiguration;
			buildSettings = {
				ALWAYS_EMBED_SWIFT_STANDARD_LIBRARIES = YES;
				CODE_SIGN_STYLE = Automatic;
				CURRENT_PROJECT_VERSION = 1;
				GENERATE_INFOPLIST_FILE = YES;
				MARKETING_VERSION = 1.0;
				PRODUCT_BUNDLE_IDENTIFIER = "com.adriano-paola.fatorialUITests";
				PRODUCT_NAME = "$(TARGET_NAME)";
				SWIFT_EMIT_LOC_STRINGS = NO;
				SWIFT_VERSION = 5.0;
				TARGETED_DEVICE_FAMILY = "1,2";
				TEST_TARGET_NAME = fatorial;
			};
			name = Debug;
		};
		C4921F0528DA639F0069D225 /* Release */ = {
			isa = XCBuildConfiguration;
			buildSettings = {
				ALWAYS_EMBED_SWIFT_STANDARD_LIBRARIES = YES;
				CODE_SIGN_STYLE = Automatic;
				CURRENT_PROJECT_VERSION = 1;
				GENERATE_INFOPLIST_FILE = YES;
				MARKETING_VERSION = 1.0;
				PRODUCT_BUNDLE_IDENTIFIER = "com.adriano-paola.fatorialUITests";
				PRODUCT_NAME = "$(TARGET_NAME)";
				SWIFT_EMIT_LOC_STRINGS = NO;
				SWIFT_VERSION = 5.0;
				TARGETED_DEVICE_FAMILY = "1,2";
				TEST_TARGET_NAME = fatorial;
			};
			name = Release;
		};
/* End XCBuildConfiguration section */

/* Begin XCConfigurationList section */
		C4921ECE28DA639E0069D225 /* Build configuration list for PBXProject "fatorial" */ = {
			isa = XCConfigurationList;
			buildConfigurations = (
				C4921EFB28DA639F0069D225 /* Debug */,
				C4921EFC28DA639F0069D225 /* Release */,
			);
			defaultConfigurationIsVisible = 0;
			defaultConfigurationName = Release;
		};
		C4921EFD28DA639F0069D225 /* Build configuration list for PBXNativeTarget "fatorial" */ = {
			isa = XCConfigurationList;
			buildConfigurations = (
				C4921EFE28DA639F0069D225 /* Debug */,
				C4921EFF28DA639F0069D225 /* Release */,
			);
			defaultConfigurationIsVisible = 0;
			defaultConfigurationName = Release;
		};
		C4921F0028DA639F0069D225 /* Build configuration list for PBXNativeTarget "fatorialTests" */ = {
			isa = XCConfigurationList;
			buildConfigurations = (
				C4921F0128DA639F0069D225 /* Debug */,
				C4921F0228DA639F0069D225 /* Release */,
			);
			defaultConfigurationIsVisible = 0;
			defaultConfigurationName = Release;
		};
		C4921F0328DA639F0069D225 /* Build configuration list for PBXNativeTarget "fatorialUITests" */ = {
			isa = XCConfigurationList;
			buildConfigurations = (
				C4921F0428DA639F0069D225 /* Debug */,
				C4921F0528DA639F0069D225 /* Release */,
			);
			defaultConfigurationIsVisible = 0;
			defaultConfigurationName = Release;
		};
/* End XCConfigurationList section */
	};
	rootObject = C4921ECB28DA639E0069D225 /* Project object */;
}
